
Microsoft Visual Studio Solution File, Format Version 12.00
# Visual Studio Version 16
VisualStudioVersion = 16.0.32106.194
MinimumVisualStudioVersion = 10.0.40219.1
Project("{FAE04EC0-301F-11D3-BF4B-00C04F79EFBC}") = "UploadDeArquivo", "UploadDeArquivo.csproj", "{D165712D-34D8-4544-A086-6E8FE8808EFC}"
EndProject
Global
	GlobalSection(SolutionConfigurationPlatforms) = preSolution
		Debug|Any CPU = Debug|Any CPU
		Release|Any CPU = Release|Any CPU
	EndGlobalSection
	GlobalSection(ProjectConfigurationPlatforms) = postSolution
		{D165712D-34D8-4544-A086-6E8FE8808EFC}.Debug|Any CPU.ActiveCfg = Debug|Any CPU
		{D165712D-34D8-4544-A086-6E8FE8808EFC}.Debug|Any CPU.Build.0 = Debug|Any CPU
		{D165712D-34D8-4544-A086-6E8FE8808EFC}.Release|Any CPU.ActiveCfg = Release|Any CPU
		{D165712D-34D8-4544-A086-6E8FE8808EFC}.Release|Any CPU.Build.0 = Release|Any CPU
	EndGlobalSection
	GlobalSection(SolutionProperties) = preSolution
		HideSolutionNode = FALSE
	EndGlobalSection
	GlobalSection(ExtensibilityGlobals) = postSolution
		SolutionGuid = {7888521C-BF82-4CED-A592-1EB667D74B77}
	EndGlobalSection
EndGlobal
